{
  "pins" : [
    {
      "identity" : "designresourceskit",
      "kind" : "remoteSourceControl",
      "location" : "https://github.com/duckduckgo/DesignResourcesKit",
      "state" : {
        "revision" : "fed494b3f8603537fcd115ceaf3cb2ae4b5518d7",
        "version" : "5.0.0"
      }
    }
  ],
  "version" : 2
}
