{
  "originHash" : "c8f67018d9d106a102480275a0dda8d142b6f3715f79b7bd1127d631c922e944",
  "pins" : [
    {
      "identity" : "jwt-kit",
      "kind" : "remoteSourceControl",
      "location" : "https://github.com/vapor/jwt-kit.git",
      "state" : {
        "revision" : "13e7513b3ba0afa13967daf77af2fb4ad087306c",
        "version" : "4.13.5"
      }
    },
    {
      "identity" : "punycodeswift",
      "kind" : "remoteSourceControl",
      "location" : "https://github.com/gumob/PunycodeSwift.git",
      "state" : {
        "revision" : "30a462bdb4398ea835a3585472229e0d74b36ba5",
        "version" : "3.0.0"
      }
    },
    {
      "identity" : "swift-asn1",
      "kind" : "remoteSourceControl",
      "location" : "https://github.com/apple/swift-asn1.git",
      "state" : {
        "revision" : "3b6410f7dee09eb33cdd26260c5fd47fda19b0e2",
        "version" : "1.7.3"
      }
    },
    {
      "identity" : "swift-crypto",
      "kind" : "remoteSourceControl",
      "location" : "https://github.com/apple/swift-crypto.git",
      "state" : {
        "revision" : "95ba0316a9b733e92bb6b071255ff46263bbe7dc",
        "version" : "3.15.1"
      }
    }
  ],
  "version" : 3
}
