{
  "originHash" : "bfa57df0d061a0ed7464f190ecef8cc7f9057afe3f2104a6e9bf8f31f0e07884",
  "pins" : [
    {
      "identity" : "punycodeswift",
      "kind" : "remoteSourceControl",
      "location" : "https://github.com/gumob/PunycodeSwift.git",
      "state" : {
        "revision" : "de703481cf48b859a04bac8ef1d98217b9c97aa9",
        "version" : "4.0.3"
      }
    }
  ],
  "version" : 3
}
